
Microsoft Visual Studio Solution File, Format Version 12.00
# Visual Studio Version 17
VisualStudioVersion = 17.0.31912.275
MinimumVisualStudioVersion = 10.0.40219.1
Project("{FAE04EC0-301F-11D3-BF4B-00C04F79EFBC}") = "module7", "module7\module7.csproj", "{4F3BB505-E90E-4E67-A343-ABB7B697CA6D}"
EndProject
Global
	GlobalSection(SolutionConfigurationPlatforms) = preSolution
		Debug|Any CPU = Debug|Any CPU
		Release|Any CPU = Release|Any CPU
	EndGlobalSection
	GlobalSection(ProjectConfigurationPlatforms) = postSolution
		{4F3BB505-E90E-4E67-A343-ABB7B697CA6D}.Debug|Any CPU.ActiveCfg = Debug|Any CPU
		{4F3BB505-E90E-4E67-A343-ABB7B697CA6D}.Debug|Any CPU.Build.0 = Debug|Any CPU
		{4F3BB505-E90E-4E67-A343-ABB7B697CA6D}.Release|Any CPU.ActiveCfg = Release|Any CPU
		{4F3BB505-E90E-4E67-A343-ABB7B697CA6D}.Release|Any CPU.Build.0 = Release|Any CPU
	EndGlobalSection
	GlobalSection(SolutionProperties) = preSolution
		HideSolutionNode = FALSE
	EndGlobalSection
	GlobalSection(ExtensibilityGlobals) = postSolution
		SolutionGuid = {A681D92A-4190-42DF-BA75-2EB03421A6BD}
	EndGlobalSection
EndGlobal
